
Microsoft Visual Studio Solution File, Format Version 12.00
# Visual Studio Version 17
VisualStudioVersion = 17.10.35122.118
MinimumVisualStudioVersion = 10.0.40219.1
Project("{FAE04EC0-301F-11D3-BF4B-00C04F79EFBC}") = "Vanrise_Internship", "Vanrise_Internship\Vanrise_Internship.csproj", "{3C0E359F-3EA1-465D-952B-4B86A671E473}"
EndProject
Global
	GlobalSection(SolutionConfigurationPlatforms) = preSolution
		Debug|Any CPU = Debug|Any CPU
		Release|Any CPU = Release|Any CPU
	EndGlobalSection
	GlobalSection(ProjectConfigurationPlatforms) = postSolution
		{3C0E359F-3EA1-465D-952B-4B86A671E473}.Debug|Any CPU.ActiveCfg = Debug|Any CPU
		{3C0E359F-3EA1-465D-952B-4B86A671E473}.Debug|Any CPU.Build.0 = Debug|Any CPU
		{3C0E359F-3EA1-465D-952B-4B86A671E473}.Release|Any CPU.ActiveCfg = Release|Any CPU
		{3C0E359F-3EA1-465D-952B-4B86A671E473}.Release|Any CPU.Build.0 = Release|Any CPU
	EndGlobalSection
	GlobalSection(SolutionProperties) = preSolution
		HideSolutionNode = FALSE
	EndGlobalSection
	GlobalSection(ExtensibilityGlobals) = postSolution
		SolutionGuid = {66FAA591-8569-4B97-B709-E8589112BE9F}
	EndGlobalSection
EndGlobal
